
Microsoft Visual Studio Solution File, Format Version 12.00
# Visual Studio Version 16
VisualStudioVersion = 16.0.32407.337
MinimumVisualStudioVersion = 10.0.40219.1
Project("{FAE04EC0-301F-11D3-BF4B-00C04F79EFBC}") = "Calculadora de IMC", "Calculadora de IMC.csproj", "{4159BFC5-C198-42A6-A4E8-DA23F137B2D4}"
EndProject
Global
	GlobalSection(SolutionConfigurationPlatforms) = preSolution
		Debug|Any CPU = Debug|Any CPU
		Release|Any CPU = Release|Any CPU
	EndGlobalSection
	GlobalSection(ProjectConfigurationPlatforms) = postSolution
		{4159BFC5-C198-42A6-A4E8-DA23F137B2D4}.Debug|Any CPU.ActiveCfg = Debug|Any CPU
		{4159BFC5-C198-42A6-A4E8-DA23F137B2D4}.Debug|Any CPU.Build.0 = Debug|Any CPU
		{4159BFC5-C198-42A6-A4E8-DA23F137B2D4}.Release|Any CPU.ActiveCfg = Release|Any CPU
		{4159BFC5-C198-42A6-A4E8-DA23F137B2D4}.Release|Any CPU.Build.0 = Release|Any CPU
	EndGlobalSection
	GlobalSection(SolutionProperties) = preSolution
		HideSolutionNode = FALSE
	EndGlobalSection
	GlobalSection(ExtensibilityGlobals) = postSolution
		SolutionGuid = {34A6B51E-D643-4598-8AD7-96E0F8855117}
	EndGlobalSection
EndGlobal
